
Microsoft Visual Studio Solution File, Format Version 12.00
# Visual Studio 15
VisualStudioVersion = 15.0.28010.2019
MinimumVisualStudioVersion = 10.0.40219.1
Project("{FAE04EC0-301F-11D3-BF4B-00C04F79EFBC}") = "triviaquiz_api", "triviaquiz_api\triviaquiz_api.csproj", "{A9A6756D-4CF2-4535-BDFA-530047B615AB}"
EndProject
Global
	GlobalSection(SolutionConfigurationPlatforms) = preSolution
		Debug|Any CPU = Debug|Any CPU
		Release|Any CPU = Release|Any CPU
	EndGlobalSection
	GlobalSection(ProjectConfigurationPlatforms) = postSolution
		{A9A6756D-4CF2-4535-BDFA-530047B615AB}.Debug|Any CPU.ActiveCfg = Debug|Any CPU
		{A9A6756D-4CF2-4535-BDFA-530047B615AB}.Debug|Any CPU.Build.0 = Debug|Any CPU
		{A9A6756D-4CF2-4535-BDFA-530047B615AB}.Release|Any CPU.ActiveCfg = Release|Any CPU
		{A9A6756D-4CF2-4535-BDFA-530047B615AB}.Release|Any CPU.Build.0 = Release|Any CPU
	EndGlobalSection
	GlobalSection(SolutionProperties) = preSolution
		HideSolutionNode = FALSE
	EndGlobalSection
	GlobalSection(ExtensibilityGlobals) = postSolution
		SolutionGuid = {1F1606A5-1493-49FF-AC96-6C1D02D08486}
	EndGlobalSection
EndGlobal
